// !$*UTF8*$!
{
	archiveVersion = 1;
	classes = {
	};
	objectVersion = 77;
	objects = {

/* Begin PBXBuildFile section */
		126E07E62D4AD19E006CDDC0 /* FavoriteButton.swift in Sources */ = {isa = PBXBuildFile; fileRef = 126E07E52D4AD19E006CDDC0 /* FavoriteButton.swift */; };
		1287CF7E2D49780500366369 /* Preview Assets.xcassets in Resources */ = {isa = PBXBuildFile; fileRef = 1287CF732D49780500366369 /* Preview Assets.xcassets */; };
		1287CF7F2D49780500366369 /* Assets.xcassets in Resources */ = {isa = PBXBuildFile; fileRef = 1287CF752D49780500366369 /* Assets.xcassets */; };
		1287CF802D49780500366369 /* landmarkData.json in Resources */ = {isa = PBXBuildFile; fileRef = 1287CF762D49780500366369 /* landmarkData.json */; };
		1287CF812D49780500366369 /* Landmark.swift in Sources */ = {isa = PBXBuildFile; fileRef = 1287CF702D49780500366369 /* Landmark.swift */; };
		1287CF822D49780500366369 /* ModelData.swift in Sources */ = {isa = PBXBuildFile; fileRef = 1287CF712D49780500366369 /* ModelData.swift */; };
		1287CF832D49780500366369 /* CircleImage.swift in Sources */ = {isa = PBXBuildFile; fileRef = 1287CF782D49780500366369 /* CircleImage.swift */; };
		1287CF842D49780500366369 /* ContentView.swift in Sources */ = {isa = PBXBuildFile; fileRef = 1287CF792D49780500366369 /* ContentView.swift */; };
		1287CF852D49780500366369 /* MapView.swift in Sources */ = {isa = PBXBuildFile; fileRef = 1287CF7A2D49780500366369 /* MapView.swift */; };
		1287CF862D49780500366369 /* LendmarksApp.swift in Sources */ = {isa = PBXBuildFile; fileRef = 1287CF7C2D49780500366369 /* LendmarksApp.swift */; };
		1287CF892D49780900366369 /* LendmarksTests.swift in Sources */ = {isa = PBXBuildFile; fileRef = 1287CF872D49780900366369 /* LendmarksTests.swift */; };
		1287CF8D2D49780B00366369 /* LendmarksUITests.swift in Sources */ = {isa = PBXBuildFile; fileRef = 1287CF8A2D49780B00366369 /* LendmarksUITests.swift */; };
		1287CF8E2D49780B00366369 /* LendmarksUITestsLaunchTests.swift in Sources */ = {isa = PBXBuildFile; fileRef = 1287CF8B2D49780B00366369 /* LendmarksUITestsLaunchTests.swift */; };
		1287CF902D497AD100366369 /* LandmarkRow.swift in Sources */ = {isa = PBXBuildFile; fileRef = 1287CF8F2D497AD100366369 /* LandmarkRow.swift */; };
		1287CF922D497E2C00366369 /* LandmarkList.swift in Sources */ = {isa = PBXBuildFile; fileRef = 1287CF912D497E2C00366369 /* LandmarkList.swift */; };
		1287CF942D49809E00366369 /* LandmarkDetail.swift in Sources */ = {isa = PBXBuildFile; fileRef = 1287CF932D49809E00366369 /* LandmarkDetail.swift */; };
/* End PBXBuildFile section */

/* Begin PBXContainerItemProxy section */
		122FE5842D37B0210080D45A /* PBXContainerItemProxy */ = {
			isa = PBXContainerItemProxy;
			containerPortal = 122FE56B2D37B0200080D45A /* Project object */;
			proxyType = 1;
			remoteGlobalIDString = 122FE5722D37B0200080D45A;
			remoteInfo = Lendmarks;
		};
		122FE58E2D37B0210080D45A /* PBXContainerItemProxy */ = {
			isa = PBXContainerItemProxy;
			containerPortal = 122FE56B2D37B0200080D45A /* Project object */;
			proxyType = 1;
			remoteGlobalIDString = 122FE5722D37B0200080D45A;
			remoteInfo = Lendmarks;
		};
/* End PBXContainerItemProxy section */

/* Begin PBXFileReference section */
		122FE5732D37B0200080D45A /* Lendmarks.app */ = {isa = PBXFileReference; explicitFileType = wrapper.application; includeInIndex = 0; path = Lendmarks.app; sourceTree = BUILT_PRODUCTS_DIR; };
		122FE5832D37B0210080D45A /* LendmarksTests.xctest */ = {isa = PBXFileReference; explicitFileType = wrapper.cfbundle; includeInIndex = 0; path = LendmarksTests.xctest; sourceTree = BUILT_PRODUCTS_DIR; };
		122FE58D2D37B0210080D45A /* LendmarksUITests.xctest */ = {isa = PBXFileReference; explicitFileType = wrapper.cfbundle; includeInIndex = 0; path = LendmarksUITests.xctest; sourceTree = BUILT_PRODUCTS_DIR; };
		126E07E52D4AD19E006CDDC0 /* FavoriteButton.swift */ = {isa = PBXFileReference; lastKnownFileType = sourcecode.swift; path = FavoriteButton.swift; sourceTree = "<group>"; };
		1287CF702D49780500366369 /* Landmark.swift */ = {isa = PBXFileReference; lastKnownFileType = sourcecode.swift; path = Landmark.swift; sourceTree = "<group>"; };
		1287CF712D49780500366369 /* ModelData.swift */ = {isa = PBXFileReference; lastKnownFileType = sourcecode.swift; path = ModelData.swift; sourceTree = "<group>"; };
		1287CF732D49780500366369 /* Preview Assets.xcassets */ = {isa = PBXFileReference; lastKnownFileType = folder.assetcatalog; path = "Preview Assets.xcassets"; sourceTree = "<group>"; };
		1287CF752D49780500366369 /* Assets.xcassets */ = {isa = PBXFileReference; lastKnownFileType = folder.assetcatalog; path = Assets.xcassets; sourceTree = "<group>"; };
		1287CF762D49780500366369 /* landmarkData.json */ = {isa = PBXFileReference; lastKnownFileType = text.json; path = landmarkData.json; sourceTree = "<group>"; };
		1287CF782D49780500366369 /* CircleImage.swift */ = {isa = PBXFileReference; lastKnownFileType = sourcecode.swift; path = CircleImage.swift; sourceTree = "<group>"; };
		1287CF792D49780500366369 /* ContentView.swift */ = {isa = PBXFileReference; lastKnownFileType = sourcecode.swift; path = ContentView.swift; sourceTree = "<group>"; };
		1287CF7A2D49780500366369 /* MapView.swift */ = {isa = PBXFileReference; lastKnownFileType = sourcecode.swift; path = MapView.swift; sourceTree = "<group>"; };
		1287CF7C2D49780500366369 /* LendmarksApp.swift */ = {isa = PBXFileReference; lastKnownFileType = sourcecode.swift; path = LendmarksApp.swift; sourceTree = "<group>"; };
		1287CF872D49780900366369 /* LendmarksTests.swift */ = {isa = PBXFileReference; lastKnownFileType = sourcecode.swift; path = LendmarksTests.swift; sourceTree = "<group>"; };
		1287CF8A2D49780B00366369 /* LendmarksUITests.swift */ = {isa = PBXFileReference; lastKnownFileType = sourcecode.swift; path = LendmarksUITests.swift; sourceTree = "<group>"; };
		1287CF8B2D49780B00366369 /* LendmarksUITestsLaunchTests.swift */ = {isa = PBXFileReference; lastKnownFileType = sourcecode.swift; path = LendmarksUITestsLaunchTests.swift; sourceTree = "<group>"; };
		1287CF8F2D497AD100366369 /* LandmarkRow.swift */ = {isa = PBXFileReference; lastKnownFileType = sourcecode.swift; path = LandmarkRow.swift; sourceTree = "<group>"; };
		1287CF912D497E2C00366369 /* LandmarkList.swift */ = {isa = PBXFileReference; lastKnownFileType = sourcecode.swift; path = LandmarkList.swift; sourceTree = "<group>"; };
		1287CF932D49809E00366369 /* LandmarkDetail.swift */ = {isa = PBXFileReference; lastKnownFileType = sourcecode.swift; path = LandmarkDetail.swift; sourceTree = "<group>"; };
/* End PBXFileReference section */

/* Begin PBXFrameworksBuildPhase section */
		122FE5702D37B0200080D45A /* Frameworks */ = {
			isa = PBXFrameworksBuildPhase;
			buildActionMask = 2147483647;
			files = (
			);
			runOnlyForDeploymentPostprocessing = 0;
		};
		122FE5802D37B0210080D45A /* Frameworks */ = {
			isa = PBXFrameworksBuildPhase;
			buildActionMask = 2147483647;
			files = (
			);
			runOnlyForDeploymentPostprocessing = 0;
		};
		122FE58A2D37B0210080D45A /* Frameworks */ = {
			isa = PBXFrameworksBuildPhase;
			buildActionMask = 2147483647;
			files = (
			);
			runOnlyForDeploymentPostprocessing = 0;
		};
/* End PBXFrameworksBuildPhase section */

/* Begin PBXGroup section */
		122FE56A2D37B0200080D45A = {
			isa = PBXGroup;
			children = (
				1287CF7D2D49780500366369 /* Lendmarks */,
				1287CF882D49780900366369 /* LendmarksTests */,
				1287CF8C2D49780B00366369 /* LendmarksUITests */,
				122FE5742D37B0200080D45A /* Products */,
			);
			sourceTree = "<group>";
		};
		122FE5742D37B0200080D45A /* Products */ = {
			isa = PBXGroup;
			children = (
				122FE5732D37B0200080D45A /* Lendmarks.app */,
				122FE5832D37B0210080D45A /* LendmarksTests.xctest */,
				122FE58D2D37B0210080D45A /* LendmarksUITests.xctest */,
			);
			name = Products;
			sourceTree = "<group>";
		};
		126E07E72D4AD2D4006CDDC0 /* Landmarks */ = {
			isa = PBXGroup;
			children = (
				1287CF912D497E2C00366369 /* LandmarkList.swift */,
				1287CF8F2D497AD100366369 /* LandmarkRow.swift */,
				1287CF932D49809E00366369 /* LandmarkDetail.swift */,
			);
			path = Landmarks;
			sourceTree = "<group>";
		};
		126E07E82D4AD2F7006CDDC0 /* Helper */ = {
			isa = PBXGroup;
			children = (
				1287CF782D49780500366369 /* CircleImage.swift */,
				1287CF7A2D49780500366369 /* MapView.swift */,
				126E07E52D4AD19E006CDDC0 /* FavoriteButton.swift */,
			);
			path = Helper;
			sourceTree = "<group>";
		};
		1287CF722D49780500366369 /* Model */ = {
			isa = PBXGroup;
			children = (
				1287CF702D49780500366369 /* Landmark.swift */,
				1287CF712D49780500366369 /* ModelData.swift */,
			);
			path = Model;
			sourceTree = "<group>";
		};
		1287CF742D49780500366369 /* Preview Content */ = {
			isa = PBXGroup;
			children = (
				1287CF732D49780500366369 /* Preview Assets.xcassets */,
			);
			path = "Preview Content";
			sourceTree = "<group>";
		};
		1287CF772D49780500366369 /* Resources */ = {
			isa = PBXGroup;
			children = (
				1287CF762D49780500366369 /* landmarkData.json */,
			);
			path = Resources;
			sourceTree = "<group>";
		};
		1287CF7B2D49780500366369 /* Views */ = {
			isa = PBXGroup;
			children = (
				1287CF792D49780500366369 /* ContentView.swift */,
				126E07E72D4AD2D4006CDDC0 /* Landmarks */,
				126E07E82D4AD2F7006CDDC0 /* Helper */,
			);
			path = Views;
			sourceTree = "<group>";
		};
		1287CF7D2D49780500366369 /* Lendmarks */ = {
			isa = PBXGroup;
			children = (
				1287CF7C2D49780500366369 /* LendmarksApp.swift */,
				1287CF742D49780500366369 /* Preview Content */,
				1287CF7B2D49780500366369 /* Views */,
				1287CF722D49780500366369 /* Model */,
				1287CF772D49780500366369 /* Resources */,
				1287CF752D49780500366369 /* Assets.xcassets */,
			);
			path = Lendmarks;
			sourceTree = "<group>";
		};
		1287CF882D49780900366369 /* LendmarksTests */ = {
			isa = PBXGroup;
			children = (
				1287CF872D49780900366369 /* LendmarksTests.swift */,
			);
			path = LendmarksTests;
			sourceTree = "<group>";
		};
		1287CF8C2D49780B00366369 /* LendmarksUITests */ = {
			isa = PBXGroup;
			children = (
				1287CF8A2D49780B00366369 /* LendmarksUITests.swift */,
				1287CF8B2D49780B00366369 /* LendmarksUITestsLaunchTests.swift */,
			);
			path = LendmarksUITests;
			sourceTree = "<group>";
		};
/* End PBXGroup section */

/* Begin PBXNativeTarget section */
		122FE5722D37B0200080D45A /* Lendmarks */ = {
			isa = PBXNativeTarget;
			buildConfigurationList = 122FE5972D37B0210080D45A /* Build configuration list for PBXNativeTarget "Lendmarks" */;
			buildPhases = (
				122FE56F2D37B0200080D45A /* Sources */,
				122FE5702D37B0200080D45A /* Frameworks */,
				122FE5712D37B0200080D45A /* Resources */,
			);
			buildRules = (
			);
			dependencies = (
			);
			name = Lendmarks;
			packageProductDependencies = (
			);
			productName = Lendmarks;
			productReference = 122FE5732D37B0200080D45A /* Lendmarks.app */;
			productType = "com.apple.product-type.application";
		};
		122FE5822D37B0210080D45A /* LendmarksTests */ = {
			isa = PBXNativeTarget;
			buildConfigurationList = 122FE59A2D37B0210080D45A /* Build configuration list for PBXNativeTarget "LendmarksTests" */;
			buildPhases = (
				122FE57F2D37B0210080D45A /* Sources */,
				122FE5802D37B0210080D45A /* Frameworks */,
				122FE5812D37B0210080D45A /* Resources */,
			);
			buildRules = (
			);
			dependencies = (
				122FE5852D37B0210080D45A /* PBXTargetDependency */,
			);
			name = LendmarksTests;
			packageProductDependencies = (
			);
			productName = LendmarksTests;
			productReference = 122FE5832D37B0210080D45A /* LendmarksTests.xctest */;
			productType = "com.apple.product-type.bundle.unit-test";
		};
		122FE58C2D37B0210080D45A /* LendmarksUITests */ = {
			isa = PBXNativeTarget;
			buildConfigurationList = 122FE59D2D37B0210080D45A /* Build configuration list for PBXNativeTarget "LendmarksUITests" */;
			buildPhases = (
				122FE5892D37B0210080D45A /* Sources */,
				122FE58A2D37B0210080D45A /* Frameworks */,
				122FE58B2D37B0210080D45A /* Resources */,
			);
			buildRules = (
			);
			dependencies = (
				122FE58F2D37B0210080D45A /* PBXTargetDependency */,
			);
			name = LendmarksUITests;
			packageProductDependencies = (
			);
			productName = LendmarksUITests;
			productReference = 122FE58D2D37B0210080D45A /* LendmarksUITests.xctest */;
			productType = "com.apple.product-type.bundle.ui-testing";
		};
/* End PBXNativeTarget section */

/* Begin PBXProject section */
		122FE56B2D37B0200080D45A /* Project object */ = {
			isa = PBXProject;
			attributes = {
				BuildIndependentTargetsInParallel = 1;
				LastSwiftUpdateCheck = 1620;
				LastUpgradeCheck = 1620;
				TargetAttributes = {
					122FE5722D37B0200080D45A = {
						CreatedOnToolsVersion = 16.2;
					};
					122FE5822D37B0210080D45A = {
						CreatedOnToolsVersion = 16.2;
						TestTargetID = 122FE5722D37B0200080D45A;
					};
					122FE58C2D37B0210080D45A = {
						CreatedOnToolsVersion = 16.2;
						TestTargetID = 122FE5722D37B0200080D45A;
					};
				};
			};
			buildConfigurationList = 122FE56E2D37B0200080D45A /* Build configuration list for PBXProject "Lendmarks" */;
			developmentRegion = en;
			hasScannedForEncodings = 0;
			knownRegions = (
				en,
				Base,
			);
			mainGroup = 122FE56A2D37B0200080D45A;
			minimizedProjectReferenceProxies = 1;
			preferredProjectObjectVersion = 77;
			productRefGroup = 122FE5742D37B0200080D45A /* Products */;
			projectDirPath = "";
			projectRoot = "";
			targets = (
				122FE5722D37B0200080D45A /* Lendmarks */,
				122FE5822D37B0210080D45A /* LendmarksTests */,
				122FE58C2D37B0210080D45A /* LendmarksUITests */,
			);
		};
/* End PBXProject section */

/* Begin PBXResourcesBuildPhase section */
		122FE5712D37B0200080D45A /* Resources */ = {
			isa = PBXResourcesBuildPhase;
			buildActionMask = 2147483647;
			files = (
				1287CF7E2D49780500366369 /* Preview Assets.xcassets in Resources */,
				1287CF7F2D49780500366369 /* Assets.xcassets in Resources */,
				1287CF802D49780500366369 /* landmarkData.json in Resources */,
			);
			runOnlyForDeploymentPostprocessing = 0;
		};
		122FE5812D37B0210080D45A /* Resources */ = {
			isa = PBXResourcesBuildPhase;
			buildActionMask = 2147483647;
			files = (
			);
			runOnlyForDeploymentPostprocessing = 0;
		};
		122FE58B2D37B0210080D45A /* Resources */ = {
			isa = PBXResourcesBuildPhase;
			buildActionMask = 2147483647;
			files = (
			);
			runOnlyForDeploymentPostprocessing = 0;
		};
/* End PBXResourcesBuildPhase section */

/* Begin PBXSourcesBuildPhase section */
		122FE56F2D37B0200080D45A /* Sources */ = {
			isa = PBXSourcesBuildPhase;
			buildActionMask = 2147483647;
			files = (
				1287CF812D49780500366369 /* Landmark.swift in Sources */,
				1287CF822D49780500366369 /* ModelData.swift in Sources */,
				1287CF832D49780500366369 /* CircleImage.swift in Sources */,
				126E07E62D4AD19E006CDDC0 /* FavoriteButton.swift in Sources */,
				1287CF922D497E2C00366369 /* LandmarkList.swift in Sources */,
				1287CF942D49809E00366369 /* LandmarkDetail.swift in Sources */,
				1287CF842D49780500366369 /* ContentView.swift in Sources */,
				1287CF852D49780500366369 /* MapView.swift in Sources */,
				1287CF862D49780500366369 /* LendmarksApp.swift in Sources */,
				1287CF902D497AD100366369 /* LandmarkRow.swift in Sources */,
			);
			runOnlyForDeploymentPostprocessing = 0;
		};
		122FE57F2D37B0210080D45A /* Sources */ = {
			isa = PBXSourcesBuildPhase;
			buildActionMask = 2147483647;
			files = (
				1287CF892D49780900366369 /* LendmarksTests.swift in Sources */,
			);
			runOnlyForDeploymentPostprocessing = 0;
		};
		122FE5892D37B0210080D45A /* Sources */ = {
			isa = PBXSourcesBuildPhase;
			buildActionMask = 2147483647;
			files = (
				1287CF8D2D49780B00366369 /* LendmarksUITests.swift in Sources */,
				1287CF8E2D49780B00366369 /* LendmarksUITestsLaunchTests.swift in Sources */,
			);
			runOnlyForDeploymentPostprocessing = 0;
		};
/* End PBXSourcesBuildPhase section */

/* Begin PBXTargetDependency section */
		122FE5852D37B0210080D45A /* PBXTargetDependency */ = {
			isa = PBXTargetDependency;
			target = 122FE5722D37B0200080D45A /* Lendmarks */;
			targetProxy = 122FE5842D37B0210080D45A /* PBXContainerItemProxy */;
		};
		122FE58F2D37B0210080D45A /* PBXTargetDependency */ = {
			isa = PBXTargetDependency;
			target = 122FE5722D37B0200080D45A /* Lendmarks */;
			targetProxy = 122FE58E2D37B0210080D45A /* PBXContainerItemProxy */;
		};
/* End PBXTargetDependency section */

/* Begin XCBuildConfiguration section */
		122FE5952D37B0210080D45A /* Debug */ = {
			isa = XCBuildConfiguration;
			buildSettings = {
				ALWAYS_SEARCH_USER_PATHS = NO;
				ASSETCATALOG_COMPILER_GENERATE_SWIFT_ASSET_SYMBOL_EXTENSIONS = YES;
				CLANG_ANALYZER_NONNULL = YES;
				CLANG_ANALYZER_NUMBER_OBJECT_CONVERSION = YES_AGGRESSIVE;
				CLANG_CXX_LANGUAGE_STANDARD = "gnu++20";
				CLANG_ENABLE_MODULES = YES;
				CLANG_ENABLE_OBJC_ARC = YES;
				CLANG_ENABLE_OBJC_WEAK = YES;
				CLANG_WARN_BLOCK_CAPTURE_AUTORELEASING = YES;
				CLANG_WARN_BOOL_CONVERSION = YES;
				CLANG_WARN_COMMA = YES;
				CLANG_WARN_CONSTANT_CONVERSION = YES;
				CLANG_WARN_DEPRECATED_OBJC_IMPLEMENTATIONS = YES;
				CLANG_WARN_DIRECT_OBJC_ISA_USAGE = YES_ERROR;
				CLANG_WARN_DOCUMENTATION_COMMENTS = YES;
				CLANG_WARN_EMPTY_BODY = YES;
				CLANG_WARN_ENUM_CONVERSION = YES;
				CLANG_WARN_INFINITE_RECURSION = YES;
				CLANG_WARN_INT_CONVERSION = YES;
				CLANG_WARN_NON_LITERAL_NULL_CONVERSION = YES;
				CLANG_WARN_OBJC_IMPLICIT_RETAIN_SELF = YES;
				CLANG_WARN_OBJC_LITERAL_CONVERSION = YES;
				CLANG_WARN_OBJC_ROOT_CLASS = YES_ERROR;
				CLANG_WARN_QUOTED_INCLUDE_IN_FRAMEWORK_HEADER = YES;
				CLANG_WARN_RANGE_LOOP_ANALYSIS = YES;
				CLANG_WARN_STRICT_PROTOTYPES = YES;
				CLANG_WARN_SUSPICIOUS_MOVE = YES;
				CLANG_WARN_UNGUARDED_AVAILABILITY = YES_AGGRESSIVE;
				CLANG_WARN_UNREACHABLE_CODE = YES;
				CLANG_WARN__DUPLICATE_METHOD_MATCH = YES;
				COPY_PHASE_STRIP = NO;
				DEBUG_INFORMATION_FORMAT = dwarf;
				ENABLE_STRICT_OBJC_MSGSEND = YES;
				ENABLE_TESTABILITY = YES;
				ENABLE_USER_SCRIPT_SANDBOXING = YES;
				GCC_C_LANGUAGE_STANDARD = gnu17;
				GCC_DYNAMIC_NO_PIC = NO;
				GCC_NO_COMMON_BLOCKS = YES;
				GCC_OPTIMIZATION_LEVEL = 0;
				GCC_PREPROCESSOR_DEFINITIONS = (
					"DEBUG=1",
					"$(inherited)",
				);
				GCC_WARN_64_TO_32_BIT_CONVERSION = YES;
				GCC_WARN_ABOUT_RETURN_TYPE = YES_ERROR;
				GCC_WARN_UNDECLARED_SELECTOR = YES;
				GCC_WARN_UNINITIALIZED_AUTOS = YES_AGGRESSIVE;
				GCC_WARN_UNUSED_FUNCTION = YES;
				GCC_WARN_UNUSED_VARIABLE = YES;
				IPHONEOS_DEPLOYMENT_TARGET = 18.2;
				LOCALIZATION_PREFERS_STRING_CATALOGS = YES;
				MTL_ENABLE_DEBUG_INFO = INCLUDE_SOURCE;
				MTL_FAST_MATH = YES;
				ONLY_ACTIVE_ARCH = YES;
				SDKROOT = iphoneos;
				SWIFT_ACTIVE_COMPILATION_CONDITIONS = "DEBUG $(inherited)";
				SWIFT_OPTIMIZATION_LEVEL = "-Onone";
			};
			name = Debug;
		};
		122FE5962D37B0210080D45A /* Release */ = {
			isa = XCBuildConfiguration;
			buildSettings = {
				ALWAYS_SEARCH_USER_PATHS = NO;
				ASSETCATALOG_COMPILER_GENERATE_SWIFT_ASSET_SYMBOL_EXTENSIONS = YES;
				CLANG_ANALYZER_NONNULL = YES;
				CLANG_ANALYZER_NUMBER_OBJECT_CONVERSION = YES_AGGRESSIVE;
				CLANG_CXX_LANGUAGE_STANDARD = "gnu++20";
				CLANG_ENABLE_MODULES = YES;
				CLANG_ENABLE_OBJC_ARC = YES;
				CLANG_ENABLE_OBJC_WEAK = YES;
				CLANG_WARN_BLOCK_CAPTURE_AUTORELEASING = YES;
				CLANG_WARN_BOOL_CONVERSION = YES;
				CLANG_WARN_COMMA = YES;
				CLANG_WARN_CONSTANT_CONVERSION = YES;
				CLANG_WARN_DEPRECATED_OBJC_IMPLEMENTATIONS = YES;
				CLANG_WARN_DIRECT_OBJC_ISA_USAGE = YES_ERROR;
				CLANG_WARN_DOCUMENTATION_COMMENTS = YES;
				CLANG_WARN_EMPTY_BODY = YES;
				CLANG_WARN_ENUM_CONVERSION = YES;
				CLANG_WARN_INFINITE_RECURSION = YES;
				CLANG_WARN_INT_CONVERSION = YES;
				CLANG_WARN_NON_LITERAL_NULL_CONVERSION = YES;
				CLANG_WARN_OBJC_IMPLICIT_RETAIN_SELF = YES;
				CLANG_WARN_OBJC_LITERAL_CONVERSION = YES;
				CLANG_WARN_OBJC_ROOT_CLASS = YES_ERROR;
				CLANG_WARN_QUOTED_INCLUDE_IN_FRAMEWORK_HEADER = YES;
				CLANG_WARN_RANGE_LOOP_ANALYSIS = YES;
				CLANG_WARN_STRICT_PROTOTYPES = YES;
				CLANG_WARN_SUSPICIOUS_MOVE = YES;
				CLANG_WARN_UNGUARDED_AVAILABILITY = YES_AGGRESSIVE;
				CLANG_WARN_UNREACHABLE_CODE = YES;
				CLANG_WARN__DUPLICATE_METHOD_MATCH = YES;
				COPY_PHASE_STRIP = NO;
				DEBUG_INFORMATION_FORMAT = "dwarf-with-dsym";
				ENABLE_NS_ASSERTIONS = NO;
				ENABLE_STRICT_OBJC_MSGSEND = YES;
				ENABLE_USER_SCRIPT_SANDBOXING = YES;
				GCC_C_LANGUAGE_STANDARD = gnu17;
				GCC_NO_COMMON_BLOCKS = YES;
				GCC_WARN_64_TO_32_BIT_CONVERSION = YES;
				GCC_WARN_ABOUT_RETURN_TYPE = YES_ERROR;
				GCC_WARN_UNDECLARED_SELECTOR = YES;
				GCC_WARN_UNINITIALIZED_AUTOS = YES_AGGRESSIVE;
				GCC_WARN_UNUSED_FUNCTION = YES;
				GCC_WARN_UNUSED_VARIABLE = YES;
				IPHONEOS_DEPLOYMENT_TARGET = 18.2;
				LOCALIZATION_PREFERS_STRING_CATALOGS = YES;
				MTL_ENABLE_DEBUG_INFO = NO;
				MTL_FAST_MATH = YES;
				SDKROOT = iphoneos;
				SWIFT_COMPILATION_MODE = wholemodule;
				VALIDATE_PRODUCT = YES;
			};
			name = Release;
		};
		122FE5982D37B0210080D45A /* Debug */ = {
			isa = XCBuildConfiguration;
			buildSettings = {
				ASSETCATALOG_COMPILER_APPICON_NAME = AppIcon;
				ASSETCATALOG_COMPILER_GLOBAL_ACCENT_COLOR_NAME = AccentColor;
				CODE_SIGN_STYLE = Automatic;
				CURRENT_PROJECT_VERSION = 1;
				DEVELOPMENT_ASSET_PATHS = "\"Lendmarks/Preview Content\"";
				DEVELOPMENT_TEAM = Z2FK793PRZ;
				ENABLE_PREVIEWS = YES;
				GENERATE_INFOPLIST_FILE = YES;
				INFOPLIST_KEY_UIApplicationSceneManifest_Generation = YES;
				INFOPLIST_KEY_UIApplicationSupportsIndirectInputEvents = YES;
				INFOPLIST_KEY_UILaunchScreen_Generation = YES;
				INFOPLIST_KEY_UISupportedInterfaceOrientations_iPad = "UIInterfaceOrientationPortrait UIInterfaceOrientationPortraitUpsideDown UIInterfaceOrientationLandscapeLeft UIInterfaceOrientationLandscapeRight";
				INFOPLIST_KEY_UISupportedInterfaceOrientations_iPhone = "UIInterfaceOrientationPortrait UIInterfaceOrientationLandscapeLeft UIInterfaceOrientationLandscapeRight";
				LD_RUNPATH_SEARCH_PATHS = (
					"$(inherited)",
					"@executable_path/Frameworks",
				);
				MARKETING_VERSION = 1.0;
				PRODUCT_BUNDLE_IDENTIFIER = ru.yandex.practicum.katafeiy.Lendmarks;
				PRODUCT_NAME = "$(TARGET_NAME)";
				SWIFT_EMIT_LOC_STRINGS = YES;
				SWIFT_VERSION = 5.0;
				TARGETED_DEVICE_FAMILY = "1,2";
			};
			name = Debug;
		};
		122FE5992D37B0210080D45A /* Release */ = {
			isa = XCBuildConfiguration;
			buildSettings = {
				ASSETCATALOG_COMPILER_APPICON_NAME = AppIcon;
				ASSETCATALOG_COMPILER_GLOBAL_ACCENT_COLOR_NAME = AccentColor;
				CODE_SIGN_STYLE = Automatic;
				CURRENT_PROJECT_VERSION = 1;
				DEVELOPMENT_ASSET_PATHS = "\"Lendmarks/Preview Content\"";
				DEVELOPMENT_TEAM = Z2FK793PRZ;
				ENABLE_PREVIEWS = YES;
				GENERATE_INFOPLIST_FILE = YES;
				INFOPLIST_KEY_UIApplicationSceneManifest_Generation = YES;
				INFOPLIST_KEY_UIApplicationSupportsIndirectInputEvents = YES;
				INFOPLIST_KEY_UILaunchScreen_Generation = YES;
				INFOPLIST_KEY_UISupportedInterfaceOrientations_iPad = "UIInterfaceOrientationPortrait UIInterfaceOrientationPortraitUpsideDown UIInterfaceOrientationLandscapeLeft UIInterfaceOrientationLandscapeRight";
				INFOPLIST_KEY_UISupportedInterfaceOrientations_iPhone = "UIInterfaceOrientationPortrait UIInterfaceOrientationLandscapeLeft UIInterfaceOrientationLandscapeRight";
				LD_RUNPATH_SEARCH_PATHS = (
					"$(inherited)",
					"@executable_path/Frameworks",
				);
				MARKETING_VERSION = 1.0;
				PRODUCT_BUNDLE_IDENTIFIER = ru.yandex.practicum.katafeiy.Lendmarks;
				PRODUCT_NAME = "$(TARGET_NAME)";
				SWIFT_EMIT_LOC_STRINGS = YES;
				SWIFT_VERSION = 5.0;
				TARGETED_DEVICE_FAMILY = "1,2";
			};
			name = Release;
		};
		122FE59B2D37B0210080D45A /* Debug */ = {
			isa = XCBuildConfiguration;
			buildSettings = {
				BUNDLE_LOADER = "$(TEST_HOST)";
				CODE_SIGN_STYLE = Automatic;
				CURRENT_PROJECT_VERSION = 1;
				DEVELOPMENT_TEAM = Z2FK793PRZ;
				GENERATE_INFOPLIST_FILE = YES;
				IPHONEOS_DEPLOYMENT_TARGET = 18.2;
				MARKETING_VERSION = 1.0;
				PRODUCT_BUNDLE_IDENTIFIER = ru.yandex.practicum.katafeiy.LendmarksTests;
				PRODUCT_NAME = "$(TARGET_NAME)";
				SWIFT_EMIT_LOC_STRINGS = NO;
				SWIFT_VERSION = 5.0;
				TARGETED_DEVICE_FAMILY = "1,2";
				TEST_HOST = "$(BUILT_PRODUCTS_DIR)/Lendmarks.app/$(BUNDLE_EXECUTABLE_FOLDER_PATH)/Lendmarks";
			};
			name = Debug;
		};
		122FE59C2D37B0210080D45A /* Release */ = {
			isa = XCBuildConfiguration;
			buildSettings = {
				BUNDLE_LOADER = "$(TEST_HOST)";
				CODE_SIGN_STYLE = Automatic;
				CURRENT_PROJECT_VERSION = 1;
				DEVELOPMENT_TEAM = Z2FK793PRZ;
				GENERATE_INFOPLIST_FILE = YES;
				IPHONEOS_DEPLOYMENT_TARGET = 18.2;
				MARKETING_VERSION = 1.0;
				PRODUCT_BUNDLE_IDENTIFIER = ru.yandex.practicum.katafeiy.LendmarksTests;
				PRODUCT_NAME = "$(TARGET_NAME)";
				SWIFT_EMIT_LOC_STRINGS = NO;
				SWIFT_VERSION = 5.0;
				TARGETED_DEVICE_FAMILY = "1,2";
				TEST_HOST = "$(BUILT_PRODUCTS_DIR)/Lendmarks.app/$(BUNDLE_EXECUTABLE_FOLDER_PATH)/Lendmarks";
			};
			name = Release;
		};
		122FE59E2D37B0210080D45A /* Debug */ = {
			isa = XCBuildConfiguration;
			buildSettings = {
				CODE_SIGN_STYLE = Automatic;
				CURRENT_PROJECT_VERSION = 1;
				DEVELOPMENT_TEAM = Z2FK793PRZ;
				GENERATE_INFOPLIST_FILE = YES;
				MARKETING_VERSION = 1.0;
				PRODUCT_BUNDLE_IDENTIFIER = ru.yandex.practicum.katafeiy.LendmarksUITests;
				PRODUCT_NAME = "$(TARGET_NAME)";
				SWIFT_EMIT_LOC_STRINGS = NO;
				SWIFT_VERSION = 5.0;
				TARGETED_DEVICE_FAMILY = "1,2";
				TEST_TARGET_NAME = Lendmarks;
			};
			name = Debug;
		};
		122FE59F2D37B0210080D45A /* Release */ = {
			isa = XCBuildConfiguration;
			buildSettings = {
				CODE_SIGN_STYLE = Automatic;
				CURRENT_PROJECT_VERSION = 1;
				DEVELOPMENT_TEAM = Z2FK793PRZ;
				GENERATE_INFOPLIST_FILE = YES;
				MARKETING_VERSION = 1.0;
				PRODUCT_BUNDLE_IDENTIFIER = ru.yandex.practicum.katafeiy.LendmarksUITests;
				PRODUCT_NAME = "$(TARGET_NAME)";
				SWIFT_EMIT_LOC_STRINGS = NO;
				SWIFT_VERSION = 5.0;
				TARGETED_DEVICE_FAMILY = "1,2";
				TEST_TARGET_NAME = Lendmarks;
			};
			name = Release;
		};
/* End XCBuildConfiguration section */

/* Begin XCConfigurationList section */
		122FE56E2D37B0200080D45A /* Build configuration list for PBXProject "Lendmarks" */ = {
			isa = XCConfigurationList;
			buildConfigurations = (
				122FE5952D37B0210080D45A /* Debug */,
				122FE5962D37B0210080D45A /* Release */,
			);
			defaultConfigurationIsVisible = 0;
			defaultConfigurationName = Release;
		};
		122FE5972D37B0210080D45A /* Build configuration list for PBXNativeTarget "Lendmarks" */ = {
			isa = XCConfigurationList;
			buildConfigurations = (
				122FE5982D37B0210080D45A /* Debug */,
				122FE5992D37B0210080D45A /* Release */,
			);
			defaultConfigurationIsVisible = 0;
			defaultConfigurationName = Release;
		};
		122FE59A2D37B0210080D45A /* Build configuration list for PBXNativeTarget "LendmarksTests" */ = {
			isa = XCConfigurationList;
			buildConfigurations = (
				122FE59B2D37B0210080D45A /* Debug */,
				122FE59C2D37B0210080D45A /* Release */,
			);
			defaultConfigurationIsVisible = 0;
			defaultConfigurationName = Release;
		};
		122FE59D2D37B0210080D45A /* Build configuration list for PBXNativeTarget "LendmarksUITests" */ = {
			isa = XCConfigurationList;
			buildConfigurations = (
				122FE59E2D37B0210080D45A /* Debug */,
				122FE59F2D37B0210080D45A /* Release */,
			);
			defaultConfigurationIsVisible = 0;
			defaultConfigurationName = Release;
		};
/* End XCConfigurationList section */
	};
	rootObject = 122FE56B2D37B0200080D45A /* Project object */;
}
