// !$*UTF8*$!
{
	archiveVersion = 1;
	classes = {
	};
	objectVersion = 77;
	objects = {

/* Begin PBXContainerItemProxy section */
		122FE5842D37B0210080D45A /* PBXContainerItemProxy */ = {
			isa = PBXContainerItemProxy;
			containerPortal = 122FE56B2D37B0200080D45A /* Project object */;
			proxyType = 1;
			remoteGlobalIDString = 122FE5722D37B0200080D45A;
			remoteInfo = Lendmarks;
		};
		122FE58E2D37B0210080D45A /* PBXContainerItemProxy */ = {
			isa = PBXContainerItemProxy;
			containerPortal = 122FE56B2D37B0200080D45A /* Project object */;
			proxyType = 1;
			remoteGlobalIDString = 122FE5722D37B0200080D45A;
			remoteInfo = Lendmarks;
		};
/* End PBXContainerItemProxy section */

/* Begin PBXFileReference section */
		122FE5732D37B0200080D45A /* Lendmarks.app */ = {isa = PBXFileReference; explicitFileType = wrapper.application; includeInIndex = 0; path = Lendmarks.app; sourceTree = BUILT_PRODUCTS_DIR; };
		122FE5832D37B0210080D45A /* LendmarksTests.xctest */ = {isa = PBXFileReference; explicitFileType = wrapper.cfbundle; includeInIndex = 0; path = LendmarksTests.xctest; sourceTree = BUILT_PRODUCTS_DIR; };
		122FE58D2D37B0210080D45A /* LendmarksUITests.xctest */ = {isa = PBXFileReference; explicitFileType = wrapper.cfbundle; includeInIndex = 0; path = LendmarksUITests.xctest; sourceTree = BUILT_PRODUCTS_DIR; };
/* End PBXFileReference section */

/* Begin PBXFileSystemSynchronizedRootGroup section */
		122FE5752D37B0200080D45A /* Lendmarks */ = {
			isa = PBXFileSystemSynchronizedRootGroup;
			path = Lendmarks;
			sourceTree = "<group>";
		};
		122FE5862D37B0210080D45A /* LendmarksTests */ = {
			isa = PBXFileSystemSynchronizedRootGroup;
			path = LendmarksTests;
			sourceTree = "<group>";
		};
		122FE5902D37B0210080D45A /* LendmarksUITests */ = {
			isa = PBXFileSystemSynchronizedRootGroup;
			path = LendmarksUITests;
			sourceTree = "<group>";
		};
/* End PBXFileSystemSynchronizedRootGroup section */

/* Begin PBXFrameworksBuildPhase section */
		122FE5702D37B0200080D45A /* Frameworks */ = {
			isa = PBXFrameworksBuildPhase;
			buildActionMask = 2147483647;
			files = (
			);
			runOnlyForDeploymentPostprocessing = 0;
		};
		122FE5802D37B0210080D45A /* Frameworks */ = {
			isa = PBXFrameworksBuildPhase;
			buildActionMask = 2147483647;
			files = (
			);
			runOnlyForDeploymentPostprocessing = 0;
		};
		122FE58A2D37B0210080D45A /* Frameworks */ = {
			isa = PBXFrameworksBuildPhase;
			buildActionMask = 2147483647;
			files = (
			);
			runOnlyForDeploymentPostprocessing = 0;
		};
/* End PBXFrameworksBuildPhase section */

/* Begin PBXGroup section */
		122FE56A2D37B0200080D45A = {
			isa = PBXGroup;
			children = (
				122FE5752D37B0200080D45A /* Lendmarks */,
				122FE5862D37B0210080D45A /* LendmarksTests */,
				122FE5902D37B0210080D45A /* LendmarksUITests */,
				122FE5742D37B0200080D45A /* Products */,
			);
			sourceTree = "<group>";
		};
		122FE5742D37B0200080D45A /* Products */ = {
			isa = PBXGroup;
			children = (
				122FE5732D37B0200080D45A /* Lendmarks.app */,
				122FE5832D37B0210080D45A /* LendmarksTests.xctest */,
				122FE58D2D37B0210080D45A /* LendmarksUITests.xctest */,
			);
			name = Products;
			sourceTree = "<group>";
		};
/* End PBXGroup section */

/* Begin PBXNativeTarget section */
		122FE5722D37B0200080D45A /* Lendmarks */ = {
			isa = PBXNativeTarget;
			buildConfigurationList = 122FE5972D37B0210080D45A /* Build configuration list for PBXNativeTarget "Lendmarks" */;
			buildPhases = (
				122FE56F2D37B0200080D45A /* Sources */,
				122FE5702D37B0200080D45A /* Frameworks */,
				122FE5712D37B0200080D45A /* Resources */,
			);
			buildRules = (
			);
			dependencies = (
			);
			fileSystemSynchronizedGroups = (
				122FE5752D37B0200080D45A /* Lendmarks */,
			);
			name = Lendmarks;
			packageProductDependencies = (
			);
			productName = Lendmarks;
			productReference = 122FE5732D37B0200080D45A /* Lendmarks.app */;
			productType = "com.apple.product-type.application";
		};
		122FE5822D37B0210080D45A /* LendmarksTests */ = {
			isa = PBXNativeTarget;
			buildConfigurationList = 122FE59A2D37B0210080D45A /* Build configuration list for PBXNativeTarget "LendmarksTests" */;
			buildPhases = (
				122FE57F2D37B0210080D45A /* Sources */,
				122FE5802D37B0210080D45A /* Frameworks */,
				122FE5812D37B0210080D45A /* Resources */,
			);
			buildRules = (
			);
			dependencies = (
				122FE5852D37B0210080D45A /* PBXTargetDependency */,
			);
			fileSystemSynchronizedGroups = (
				122FE5862D37B0210080D45A /* LendmarksTests */,
			);
			name = LendmarksTests;
			packageProductDependencies = (
			);
			productName = LendmarksTests;
			productReference = 122FE5832D37B0210080D45A /* LendmarksTests.xctest */;
			productType = "com.apple.product-type.bundle.unit-test";
		};
		122FE58C2D37B0210080D45A /* LendmarksUITests */ = {
			isa = PBXNativeTarget;
			buildConfigurationList = 122FE59D2D37B0210080D45A /* Build configuration list for PBXNativeTarget "LendmarksUITests" */;
			buildPhases = (
				122FE5892D37B0210080D45A /* Sources */,
				122FE58A2D37B0210080D45A /* Frameworks */,
				122FE58B2D37B0210080D45A /* Resources */,
			);
			buildRules = (
			);
			dependencies = (
				122FE58F2D37B0210080D45A /* PBXTargetDependency */,
			);
			fileSystemSynchronizedGroups = (
				122FE5902D37B0210080D45A /* LendmarksUITests */,
			);
			name = LendmarksUITests;
			packageProductDependencies = (
			);
			productName = LendmarksUITests;
			productReference = 122FE58D2D37B0210080D45A /* LendmarksUITests.xctest */;
			productType = "com.apple.product-type.bundle.ui-testing";
		};
/* End PBXNativeTarget section */

/* Begin PBXProject section */
		122FE56B2D37B0200080D45A /* Project object */ = {
			isa = PBXProject;
			attributes = {
				BuildIndependentTargetsInParallel = 1;
				LastSwiftUpdateCheck = 1620;
				LastUpgradeCheck = 1620;
				TargetAttributes = {
					122FE5722D37B0200080D45A = {
						CreatedOnToolsVersion = 16.2;
					};
					122FE5822D37B0210080D45A = {
						CreatedOnToolsVersion = 16.2;
						TestTargetID = 122FE5722D37B0200080D45A;
					};
					122FE58C2D37B0210080D45A = {
						CreatedOnToolsVersion = 16.2;
						TestTargetID = 122FE5722D37B0200080D45A;
					};
				};
			};
			buildConfigurationList = 122FE56E2D37B0200080D45A /* Build configuration list for PBXProject "Lendmarks" */;
			developmentRegion = en;
			hasScannedForEncodings = 0;
			knownRegions = (
				en,
				Base,
			);
			mainGroup = 122FE56A2D37B0200080D45A;
			minimizedProjectReferenceProxies = 1;
			preferredProjectObjectVersion = 77;
			productRefGroup = 122FE5742D37B0200080D45A /* Products */;
			projectDirPath = "";
			projectRoot = "";
			targets = (
				122FE5722D37B0200080D45A /* Lendmarks */,
				122FE5822D37B0210080D45A /* LendmarksTests */,
				122FE58C2D37B0210080D45A /* LendmarksUITests */,
			);
		};
/* End PBXProject section */

/* Begin PBXResourcesBuildPhase section */
		122FE5712D37B0200080D45A /* Resources */ = {
			isa = PBXResourcesBuildPhase;
			buildActionMask = 2147483647;
			files = (
			);
			runOnlyForDeploymentPostprocessing = 0;
		};
		122FE5812D37B0210080D45A /* Resources */ = {
			isa = PBXResourcesBuildPhase;
			buildActionMask = 2147483647;
			files = (
			);
			runOnlyForDeploymentPostprocessing = 0;
		};
		122FE58B2D37B0210080D45A /* Resources */ = {
			isa = PBXResourcesBuildPhase;
			buildActionMask = 2147483647;
			files = (
			);
			runOnlyForDeploymentPostprocessing = 0;
		};
/* End PBXResourcesBuildPhase section */

/* Begin PBXSourcesBuildPhase section */
		122FE56F2D37B0200080D45A /* Sources */ = {
			isa = PBXSourcesBuildPhase;
			buildActionMask = 2147483647;
			files = (
			);
			runOnlyForDeploymentPostprocessing = 0;
		};
		122FE57F2D37B0210080D45A /* Sources */ = {
			isa = PBXSourcesBuildPhase;
			buildActionMask = 2147483647;
			files = (
			);
			runOnlyForDeploymentPostprocessing = 0;
		};
		122FE5892D37B0210080D45A /* Sources */ = {
			isa = PBXSourcesBuildPhase;
			buildActionMask = 2147483647;
			files = (
			);
			runOnlyForDeploymentPostprocessing = 0;
		};
/* End PBXSourcesBuildPhase section */

/* Begin PBXTargetDependency section */
		122FE5852D37B0210080D45A /* PBXTargetDependency */ = {
			isa = PBXTargetDependency;
			target = 122FE5722D37B0200080D45A /* Lendmarks */;
			targetProxy = 122FE5842D37B0210080D45A /* PBXContainerItemProxy */;
		};
		122FE58F2D37B0210080D45A /* PBXTargetDependency */ = {
			isa = PBXTargetDependency;
			target = 122FE5722D37B0200080D45A /* Lendmarks */;
			targetProxy = 122FE58E2D37B0210080D45A /* PBXContainerItemProxy */;
		};
/* End PBXTargetDependency section */

/* Begin XCBuildConfiguration section */
		122FE5952D37B0210080D45A /* Debug */ = {
			isa = XCBuildConfiguration;
			buildSettings = {
				ALWAYS_SEARCH_USER_PATHS = NO;
				ASSETCATALOG_COMPILER_GENERATE_SWIFT_ASSET_SYMBOL_EXTENSIONS = YES;
				CLANG_ANALYZER_NONNULL = YES;
				CLANG_ANALYZER_NUMBER_OBJECT_CONVERSION = YES_AGGRESSIVE;
				CLANG_CXX_LANGUAGE_STANDARD = "gnu++20";
				CLANG_ENABLE_MODULES = YES;
				CLANG_ENABLE_OBJC_ARC = YES;
				CLANG_ENABLE_OBJC_WEAK = YES;
				CLANG_WARN_BLOCK_CAPTURE_AUTORELEASING = YES;
				CLANG_WARN_BOOL_CONVERSION = YES;
				CLANG_WARN_COMMA = YES;
				CLANG_WARN_CONSTANT_CONVERSION = YES;
				CLANG_WARN_DEPRECATED_OBJC_IMPLEMENTATIONS = YES;
				CLANG_WARN_DIRECT_OBJC_ISA_USAGE = YES_ERROR;
				CLANG_WARN_DOCUMENTATION_COMMENTS = YES;
				CLANG_WARN_EMPTY_BODY = YES;
				CLANG_WARN_ENUM_CONVERSION = YES;
				CLANG_WARN_INFINITE_RECURSION = YES;
				CLANG_WARN_INT_CONVERSION = YES;
				CLANG_WARN_NON_LITERAL_NULL_CONVERSION = YES;
				CLANG_WARN_OBJC_IMPLICIT_RETAIN_SELF = YES;
				CLANG_WARN_OBJC_LITERAL_CONVERSION = YES;
				CLANG_WARN_OBJC_ROOT_CLASS = YES_ERROR;
				CLANG_WARN_QUOTED_INCLUDE_IN_FRAMEWORK_HEADER = YES;
				CLANG_WARN_RANGE_LOOP_ANALYSIS = YES;
				CLANG_WARN_STRICT_PROTOTYPES = YES;
				CLANG_WARN_SUSPICIOUS_MOVE = YES;
				CLANG_WARN_UNGUARDED_AVAILABILITY = YES_AGGRESSIVE;
				CLANG_WARN_UNREACHABLE_CODE = YES;
				CLANG_WARN__DUPLICATE_METHOD_MATCH = YES;
				COPY_PHASE_STRIP = NO;
				DEBUG_INFORMATION_FORMAT = dwarf;
				ENABLE_STRICT_OBJC_MSGSEND = YES;
				ENABLE_TESTABILITY = YES;
				ENABLE_USER_SCRIPT_SANDBOXING = YES;
				GCC_C_LANGUAGE_STANDARD = gnu17;
				GCC_DYNAMIC_NO_PIC = NO;
				GCC_NO_COMMON_BLOCKS = YES;
				GCC_OPTIMIZATION_LEVEL = 0;
				GCC_PREPROCESSOR_DEFINITIONS = (
					"DEBUG=1",
					"$(inherited)",
				);
				GCC_WARN_64_TO_32_BIT_CONVERSION = YES;
				GCC_WARN_ABOUT_RETURN_TYPE = YES_ERROR;
				GCC_WARN_UNDECLARED_SELECTOR = YES;
				GCC_WARN_UNINITIALIZED_AUTOS = YES_AGGRESSIVE;
				GCC_WARN_UNUSED_FUNCTION = YES;
				GCC_WARN_UNUSED_VARIABLE = YES;
				IPHONEOS_DEPLOYMENT_TARGET = 18.2;
				LOCALIZATION_PREFERS_STRING_CATALOGS = YES;
				MTL_ENABLE_DEBUG_INFO = INCLUDE_SOURCE;
				MTL_FAST_MATH = YES;
				ONLY_ACTIVE_ARCH = YES;
				SDKROOT = iphoneos;
				SWIFT_ACTIVE_COMPILATION_CONDITIONS = "DEBUG $(inherited)";
				SWIFT_OPTIMIZATION_LEVEL = "-Onone";
			};
			name = Debug;
		};
		122FE5962D37B0210080D45A /* Release */ = {
			isa = XCBuildConfiguration;
			buildSettings = {
				ALWAYS_SEARCH_USER_PATHS = NO;
				ASSETCATALOG_COMPILER_GENERATE_SWIFT_ASSET_SYMBOL_EXTENSIONS = YES;
				CLANG_ANALYZER_NONNULL = YES;
				CLANG_ANALYZER_NUMBER_OBJECT_CONVERSION = YES_AGGRESSIVE;
				CLANG_CXX_LANGUAGE_STANDARD = "gnu++20";
				CLANG_ENABLE_MODULES = YES;
				CLANG_ENABLE_OBJC_ARC = YES;
				CLANG_ENABLE_OBJC_WEAK = YES;
				CLANG_WARN_BLOCK_CAPTURE_AUTORELEASING = YES;
				CLANG_WARN_BOOL_CONVERSION = YES;
				CLANG_WARN_COMMA = YES;
				CLANG_WARN_CONSTANT_CONVERSION = YES;
				CLANG_WARN_DEPRECATED_OBJC_IMPLEMENTATIONS = YES;
				CLANG_WARN_DIRECT_OBJC_ISA_USAGE = YES_ERROR;
				CLANG_WARN_DOCUMENTATION_COMMENTS = YES;
				CLANG_WARN_EMPTY_BODY = YES;
				CLANG_WARN_ENUM_CONVERSION = YES;
				CLANG_WARN_INFINITE_RECURSION = YES;
				CLANG_WARN_INT_CONVERSION = YES;
				CLANG_WARN_NON_LITERAL_NULL_CONVERSION = YES;
				CLANG_WARN_OBJC_IMPLICIT_RETAIN_SELF = YES;
				CLANG_WARN_OBJC_LITERAL_CONVERSION = YES;
				CLANG_WARN_OBJC_ROOT_CLASS = YES_ERROR;
				CLANG_WARN_QUOTED_INCLUDE_IN_FRAMEWORK_HEADER = YES;
				CLANG_WARN_RANGE_LOOP_ANALYSIS = YES;
				CLANG_WARN_STRICT_PROTOTYPES = YES;
				CLANG_WARN_SUSPICIOUS_MOVE = YES;
				CLANG_WARN_UNGUARDED_AVAILABILITY = YES_AGGRESSIVE;
				CLANG_WARN_UNREACHABLE_CODE = YES;
				CLANG_WARN__DUPLICATE_METHOD_MATCH = YES;
				COPY_PHASE_STRIP = NO;
				DEBUG_INFORMATION_FORMAT = "dwarf-with-dsym";
				ENABLE_NS_ASSERTIONS = NO;
				ENABLE_STRICT_OBJC_MSGSEND = YES;
				ENABLE_USER_SCRIPT_SANDBOXING = YES;
				GCC_C_LANGUAGE_STANDARD = gnu17;
				GCC_NO_COMMON_BLOCKS = YES;
				GCC_WARN_64_TO_32_BIT_CONVERSION = YES;
				GCC_WARN_ABOUT_RETURN_TYPE = YES_ERROR;
				GCC_WARN_UNDECLARED_SELECTOR = YES;
				GCC_WARN_UNINITIALIZED_AUTOS = YES_AGGRESSIVE;
				GCC_WARN_UNUSED_FUNCTION = YES;
				GCC_WARN_UNUSED_VARIABLE = YES;
				IPHONEOS_DEPLOYMENT_TARGET = 18.2;
				LOCALIZATION_PREFERS_STRING_CATALOGS = YES;
				MTL_ENABLE_DEBUG_INFO = NO;
				MTL_FAST_MATH = YES;
				SDKROOT = iphoneos;
				SWIFT_COMPILATION_MODE = wholemodule;
				VALIDATE_PRODUCT = YES;
			};
			name = Release;
		};
		122FE5982D37B0210080D45A /* Debug */ = {
			isa = XCBuildConfiguration;
			buildSettings = {
				ASSETCATALOG_COMPILER_APPICON_NAME = AppIcon;
				ASSETCATALOG_COMPILER_GLOBAL_ACCENT_COLOR_NAME = AccentColor;
				CODE_SIGN_STYLE = Automatic;
				CURRENT_PROJECT_VERSION = 1;
				DEVELOPMENT_ASSET_PATHS = "\"Lendmarks/Preview Content\"";
				DEVELOPMENT_TEAM = Z2FK793PRZ;
				ENABLE_PREVIEWS = YES;
				GENERATE_INFOPLIST_FILE = YES;
				INFOPLIST_KEY_UIApplicationSceneManifest_Generation = YES;
				INFOPLIST_KEY_UIApplicationSupportsIndirectInputEvents = YES;
				INFOPLIST_KEY_UILaunchScreen_Generation = YES;
				INFOPLIST_KEY_UISupportedInterfaceOrientations_iPad = "UIInterfaceOrientationPortrait UIInterfaceOrientationPortraitUpsideDown UIInterfaceOrientationLandscapeLeft UIInterfaceOrientationLandscapeRight";
				INFOPLIST_KEY_UISupportedInterfaceOrientations_iPhone = "UIInterfaceOrientationPortrait UIInterfaceOrientationLandscapeLeft UIInterfaceOrientationLandscapeRight";
				LD_RUNPATH_SEARCH_PATHS = (
					"$(inherited)",
					"@executable_path/Frameworks",
				);
				MARKETING_VERSION = 1.0;
				PRODUCT_BUNDLE_IDENTIFIER = ru.yandex.practicum.katafeiy.Lendmarks;
				PRODUCT_NAME = "$(TARGET_NAME)";
				SWIFT_EMIT_LOC_STRINGS = YES;
				SWIFT_VERSION = 5.0;
				TARGETED_DEVICE_FAMILY = "1,2";
			};
			name = Debug;
		};
		122FE5992D37B0210080D45A /* Release */ = {
			isa = XCBuildConfiguration;
			buildSettings = {
				ASSETCATALOG_COMPILER_APPICON_NAME = AppIcon;
				ASSETCATALOG_COMPILER_GLOBAL_ACCENT_COLOR_NAME = AccentColor;
				CODE_SIGN_STYLE = Automatic;
				CURRENT_PROJECT_VERSION = 1;
				DEVELOPMENT_ASSET_PATHS = "\"Lendmarks/Preview Content\"";
				DEVELOPMENT_TEAM = Z2FK793PRZ;
				ENABLE_PREVIEWS = YES;
				GENERATE_INFOPLIST_FILE = YES;
				INFOPLIST_KEY_UIApplicationSceneManifest_Generation = YES;
				INFOPLIST_KEY_UIApplicationSupportsIndirectInputEvents = YES;
				INFOPLIST_KEY_UILaunchScreen_Generation = YES;
				INFOPLIST_KEY_UISupportedInterfaceOrientations_iPad = "UIInterfaceOrientationPortrait UIInterfaceOrientationPortraitUpsideDown UIInterfaceOrientationLandscapeLeft UIInterfaceOrientationLandscapeRight";
				INFOPLIST_KEY_UISupportedInterfaceOrientations_iPhone = "UIInterfaceOrientationPortrait UIInterfaceOrientationLandscapeLeft UIInterfaceOrientationLandscapeRight";
				LD_RUNPATH_SEARCH_PATHS = (
					"$(inherited)",
					"@executable_path/Frameworks",
				);
				MARKETING_VERSION = 1.0;
				PRODUCT_BUNDLE_IDENTIFIER = ru.yandex.practicum.katafeiy.Lendmarks;
				PRODUCT_NAME = "$(TARGET_NAME)";
				SWIFT_EMIT_LOC_STRINGS = YES;
				SWIFT_VERSION = 5.0;
				TARGETED_DEVICE_FAMILY = "1,2";
			};
			name = Release;
		};
		122FE59B2D37B0210080D45A /* Debug */ = {
			isa = XCBuildConfiguration;
			buildSettings = {
				BUNDLE_LOADER = "$(TEST_HOST)";
				CODE_SIGN_STYLE = Automatic;
				CURRENT_PROJECT_VERSION = 1;
				DEVELOPMENT_TEAM = Z2FK793PRZ;
				GENERATE_INFOPLIST_FILE = YES;
				IPHONEOS_DEPLOYMENT_TARGET = 18.2;
				MARKETING_VERSION = 1.0;
				PRODUCT_BUNDLE_IDENTIFIER = ru.yandex.practicum.katafeiy.LendmarksTests;
				PRODUCT_NAME = "$(TARGET_NAME)";
				SWIFT_EMIT_LOC_STRINGS = NO;
				SWIFT_VERSION = 5.0;
				TARGETED_DEVICE_FAMILY = "1,2";
				TEST_HOST = "$(BUILT_PRODUCTS_DIR)/Lendmarks.app/$(BUNDLE_EXECUTABLE_FOLDER_PATH)/Lendmarks";
			};
			name = Debug;
		};
		122FE59C2D37B0210080D45A /* Release */ = {
			isa = XCBuildConfiguration;
			buildSettings = {
				BUNDLE_LOADER = "$(TEST_HOST)";
				CODE_SIGN_STYLE = Automatic;
				CURRENT_PROJECT_VERSION = 1;
				DEVELOPMENT_TEAM = Z2FK793PRZ;
				GENERATE_INFOPLIST_FILE = YES;
				IPHONEOS_DEPLOYMENT_TARGET = 18.2;
				MARKETING_VERSION = 1.0;
				PRODUCT_BUNDLE_IDENTIFIER = ru.yandex.practicum.katafeiy.LendmarksTests;
				PRODUCT_NAME = "$(TARGET_NAME)";
				SWIFT_EMIT_LOC_STRINGS = NO;
				SWIFT_VERSION = 5.0;
				TARGETED_DEVICE_FAMILY = "1,2";
				TEST_HOST = "$(BUILT_PRODUCTS_DIR)/Lendmarks.app/$(BUNDLE_EXECUTABLE_FOLDER_PATH)/Lendmarks";
			};
			name = Release;
		};
		122FE59E2D37B0210080D45A /* Debug */ = {
			isa = XCBuildConfiguration;
			buildSettings = {
				CODE_SIGN_STYLE = Automatic;
				CURRENT_PROJECT_VERSION = 1;
				DEVELOPMENT_TEAM = Z2FK793PRZ;
				GENERATE_INFOPLIST_FILE = YES;
				MARKETING_VERSION = 1.0;
				PRODUCT_BUNDLE_IDENTIFIER = ru.yandex.practicum.katafeiy.LendmarksUITests;
				PRODUCT_NAME = "$(TARGET_NAME)";
				SWIFT_EMIT_LOC_STRINGS = NO;
				SWIFT_VERSION = 5.0;
				TARGETED_DEVICE_FAMILY = "1,2";
				TEST_TARGET_NAME = Lendmarks;
			};
			name = Debug;
		};
		122FE59F2D37B0210080D45A /* Release */ = {
			isa = XCBuildConfiguration;
			buildSettings = {
				CODE_SIGN_STYLE = Automatic;
				CURRENT_PROJECT_VERSION = 1;
				DEVELOPMENT_TEAM = Z2FK793PRZ;
				GENERATE_INFOPLIST_FILE = YES;
				MARKETING_VERSION = 1.0;
				PRODUCT_BUNDLE_IDENTIFIER = ru.yandex.practicum.katafeiy.LendmarksUITests;
				PRODUCT_NAME = "$(TARGET_NAME)";
				SWIFT_EMIT_LOC_STRINGS = NO;
				SWIFT_VERSION = 5.0;
				TARGETED_DEVICE_FAMILY = "1,2";
				TEST_TARGET_NAME = Lendmarks;
			};
			name = Release;
		};
/* End XCBuildConfiguration section */

/* Begin XCConfigurationList section */
		122FE56E2D37B0200080D45A /* Build configuration list for PBXProject "Lendmarks" */ = {
			isa = XCConfigurationList;
			buildConfigurations = (
				122FE5952D37B0210080D45A /* Debug */,
				122FE5962D37B0210080D45A /* Release */,
			);
			defaultConfigurationIsVisible = 0;
			defaultConfigurationName = Release;
		};
		122FE5972D37B0210080D45A /* Build configuration list for PBXNativeTarget "Lendmarks" */ = {
			isa = XCConfigurationList;
			buildConfigurations = (
				122FE5982D37B0210080D45A /* Debug */,
				122FE5992D37B0210080D45A /* Release */,
			);
			defaultConfigurationIsVisible = 0;
			defaultConfigurationName = Release;
		};
		122FE59A2D37B0210080D45A /* Build configuration list for PBXNativeTarget "LendmarksTests" */ = {
			isa = XCConfigurationList;
			buildConfigurations = (
				122FE59B2D37B0210080D45A /* Debug */,
				122FE59C2D37B0210080D45A /* Release */,
			);
			defaultConfigurationIsVisible = 0;
			defaultConfigurationName = Release;
		};
		122FE59D2D37B0210080D45A /* Build configuration list for PBXNativeTarget "LendmarksUITests" */ = {
			isa = XCConfigurationList;
			buildConfigurations = (
				122FE59E2D37B0210080D45A /* Debug */,
				122FE59F2D37B0210080D45A /* Release */,
			);
			defaultConfigurationIsVisible = 0;
			defaultConfigurationName = Release;
		};
/* End XCConfigurationList section */
	};
	rootObject = 122FE56B2D37B0200080D45A /* Project object */;
}
